
Microsoft Visual Studio Solution File, Format Version 12.00
# Visual Studio 15
VisualStudioVersion = 15.0.27130.2026
MinimumVisualStudioVersion = 10.0.40219.1
Project("{888888A0-9F3D-457C-B088-3A5042F75D52}") = "cnn_train", "cnn_train\cnn_train.pyproj", "{5AD59585-7DA2-4E0F-82A2-6771A24ADBA1}"
EndProject
Global
	GlobalSection(SolutionConfigurationPlatforms) = preSolution
		Debug|Any CPU = Debug|Any CPU
		Release|Any CPU = Release|Any CPU
	EndGlobalSection
	GlobalSection(ProjectConfigurationPlatforms) = postSolution
		{5AD59585-7DA2-4E0F-82A2-6771A24ADBA1}.Debug|Any CPU.ActiveCfg = Debug|Any CPU
		{5AD59585-7DA2-4E0F-82A2-6771A24ADBA1}.Release|Any CPU.ActiveCfg = Release|Any CPU
	EndGlobalSection
	GlobalSection(SolutionProperties) = preSolution
		HideSolutionNode = FALSE
	EndGlobalSection
	GlobalSection(ExtensibilityGlobals) = postSolution
		SolutionGuid = {975F6079-BD10-4CA7-A3CD-869CA0CCA1DC}
	EndGlobalSection
EndGlobal
