
Microsoft Visual Studio Solution File, Format Version 12.00
# Visual Studio 15
VisualStudioVersion = 15.0.27130.2036
MinimumVisualStudioVersion = 10.0.40219.1
Project("{888888A0-9F3D-457C-B088-3A5042F75D52}") = "backround_subtract", "backround_subtract\backround_subtract.pyproj", "{202D66F5-70F1-4306-8386-12847E380427}"
EndProject
Global
	GlobalSection(SolutionConfigurationPlatforms) = preSolution
		Debug|Any CPU = Debug|Any CPU
		Release|Any CPU = Release|Any CPU
	EndGlobalSection
	GlobalSection(ProjectConfigurationPlatforms) = postSolution
		{202D66F5-70F1-4306-8386-12847E380427}.Debug|Any CPU.ActiveCfg = Debug|Any CPU
		{202D66F5-70F1-4306-8386-12847E380427}.Release|Any CPU.ActiveCfg = Release|Any CPU
	EndGlobalSection
	GlobalSection(SolutionProperties) = preSolution
		HideSolutionNode = FALSE
	EndGlobalSection
	GlobalSection(ExtensibilityGlobals) = postSolution
		SolutionGuid = {1853E3DD-01B4-48E0-A376-E4040FBCBC1F}
	EndGlobalSection
EndGlobal
